
Microsoft Visual Studio Solution File, Format Version 12.00
# Visual Studio Version 17
VisualStudioVersion = 17.8.34525.116
MinimumVisualStudioVersion = 10.0.40219.1
Project("{FAE04EC0-301F-11D3-BF4B-00C04F79EFBC}") = "CarRentalSystemAssignment", "CarRentalSystemAssignment.csproj", "{B1FB89FB-B69A-4805-AF9C-3888D13429DB}"
EndProject
Global
	GlobalSection(SolutionConfigurationPlatforms) = preSolution
		Debug|Any CPU = Debug|Any CPU
		Release|Any CPU = Release|Any CPU
	EndGlobalSection
	GlobalSection(ProjectConfigurationPlatforms) = postSolution
		{B1FB89FB-B69A-4805-AF9C-3888D13429DB}.Debug|Any CPU.ActiveCfg = Debug|Any CPU
		{B1FB89FB-B69A-4805-AF9C-3888D13429DB}.Debug|Any CPU.Build.0 = Debug|Any CPU
		{B1FB89FB-B69A-4805-AF9C-3888D13429DB}.Release|Any CPU.ActiveCfg = Release|Any CPU
		{B1FB89FB-B69A-4805-AF9C-3888D13429DB}.Release|Any CPU.Build.0 = Release|Any CPU
	EndGlobalSection
	GlobalSection(SolutionProperties) = preSolution
		HideSolutionNode = FALSE
	EndGlobalSection
	GlobalSection(ExtensibilityGlobals) = postSolution
		SolutionGuid = {D9FAB8EC-A6C0-4D7D-B432-55498DD88593}
	EndGlobalSection
EndGlobal
